// !$*UTF8*$!
{
	archiveVersion = 1;
	classes = {
	};
	objectVersion = 46;
	objects = {

/* Begin PBXBuildFile section */
		9B9AC85D517B971691AC3E3C /* Pods_SimpleSugar.framework in Frameworks */ = {isa = PBXBuildFile; fileRef = 225D286514288391E29C1D7B /* Pods_SimpleSugar.framework */; };
		A2BF2CDB33C55C37DCC96C92 /* Pods_SimpleSugarTests.framework in Frameworks */ = {isa = PBXBuildFile; fileRef = 6E3270A41652C905B20B717C /* Pods_SimpleSugarTests.framework */; };
		D7CE93451DD300DB009875EF /* AppDelegate.swift in Sources */ = {isa = PBXBuildFile; fileRef = D7CE93441DD300DB009875EF /* AppDelegate.swift */; };
		D7CE93471DD300DB009875EF /* ViewController.swift in Sources */ = {isa = PBXBuildFile; fileRef = D7CE93461DD300DB009875EF /* ViewController.swift */; };
		D7CE934A1DD300DB009875EF /* Main.storyboard in Resources */ = {isa = PBXBuildFile; fileRef = D7CE93481DD300DB009875EF /* Main.storyboard */; };
		D7CE934C1DD300DB009875EF /* Assets.xcassets in Resources */ = {isa = PBXBuildFile; fileRef = D7CE934B1DD300DB009875EF /* Assets.xcassets */; };
		D7CE934F1DD300DB009875EF /* LaunchScreen.storyboard in Resources */ = {isa = PBXBuildFile; fileRef = D7CE934D1DD300DB009875EF /* LaunchScreen.storyboard */; };
		D7CE935A1DD300DB009875EF /* SimpleSugarTests.swift in Sources */ = {isa = PBXBuildFile; fileRef = D7CE93591DD300DB009875EF /* SimpleSugarTests.swift */; };
		D7CE93651DD300DB009875EF /* SimpleSugarUITests.swift in Sources */ = {isa = PBXBuildFile; fileRef = D7CE93641DD300DB009875EF /* SimpleSugarUITests.swift */; };
		F90A2A34802036A3B4481282 /* Pods_SimpleSugarUITests.framework in Frameworks */ = {isa = PBXBuildFile; fileRef = 8CAED71069DE1E943A21354D /* Pods_SimpleSugarUITests.framework */; };
/* End PBXBuildFile section */

/* Begin PBXContainerItemProxy section */
		D7CE93561DD300DB009875EF /* PBXContainerItemProxy */ = {
			isa = PBXContainerItemProxy;
			containerPortal = D7CE93391DD300DB009875EF /* Project object */;
			proxyType = 1;
			remoteGlobalIDString = D7CE93401DD300DB009875EF;
			remoteInfo = SimpleSugar;
		};
		D7CE93611DD300DB009875EF /* PBXContainerItemProxy */ = {
			isa = PBXContainerItemProxy;
			containerPortal = D7CE93391DD300DB009875EF /* Project object */;
			proxyType = 1;
			remoteGlobalIDString = D7CE93401DD300DB009875EF;
			remoteInfo = SimpleSugar;
		};
/* End PBXContainerItemProxy section */

/* Begin PBXFileReference section */
		225D286514288391E29C1D7B /* Pods_SimpleSugar.framework */ = {isa = PBXFileReference; explicitFileType = wrapper.framework; includeInIndex = 0; path = Pods_SimpleSugar.framework; sourceTree = BUILT_PRODUCTS_DIR; };
		588AE1D865DFD186BA3D6496 /* Pods-SimpleSugar.release.xcconfig */ = {isa = PBXFileReference; includeInIndex = 1; lastKnownFileType = text.xcconfig; name = "Pods-SimpleSugar.release.xcconfig"; path = "Pods/Target Support Files/Pods-SimpleSugar/Pods-SimpleSugar.release.xcconfig"; sourceTree = "<group>"; };
		65C23185376FB2B6F269B3A2 /* Pods-SimpleSugarTests.debug.xcconfig */ = {isa = PBXFileReference; includeInIndex = 1; lastKnownFileType = text.xcconfig; name = "Pods-SimpleSugarTests.debug.xcconfig"; path = "Pods/Target Support Files/Pods-SimpleSugarTests/Pods-SimpleSugarTests.debug.xcconfig"; sourceTree = "<group>"; };
		6E3270A41652C905B20B717C /* Pods_SimpleSugarTests.framework */ = {isa = PBXFileReference; explicitFileType = wrapper.framework; includeInIndex = 0; path = Pods_SimpleSugarTests.framework; sourceTree = BUILT_PRODUCTS_DIR; };
		8CAED71069DE1E943A21354D /* Pods_SimpleSugarUITests.framework */ = {isa = PBXFileReference; explicitFileType = wrapper.framework; includeInIndex = 0; path = Pods_SimpleSugarUITests.framework; sourceTree = BUILT_PRODUCTS_DIR; };
		8D3519F3F8CB75DF98D24DF0 /* Pods-SimpleSugar.debug.xcconfig */ = {isa = PBXFileReference; includeInIndex = 1; lastKnownFileType = text.xcconfig; name = "Pods-SimpleSugar.debug.xcconfig"; path = "Pods/Target Support Files/Pods-SimpleSugar/Pods-SimpleSugar.debug.xcconfig"; sourceTree = "<group>"; };
		ACC051ADD954AF845B133E2F /* Pods-SimpleSugarTests.release.xcconfig */ = {isa = PBXFileReference; includeInIndex = 1; lastKnownFileType = text.xcconfig; name = "Pods-SimpleSugarTests.release.xcconfig"; path = "Pods/Target Support Files/Pods-SimpleSugarTests/Pods-SimpleSugarTests.release.xcconfig"; sourceTree = "<group>"; };
		B7DCF3C78D106E9E6E5D06BF /* Pods-SimpleSugarUITests.debug.xcconfig */ = {isa = PBXFileReference; includeInIndex = 1; lastKnownFileType = text.xcconfig; name = "Pods-SimpleSugarUITests.debug.xcconfig"; path = "Pods/Target Support Files/Pods-SimpleSugarUITests/Pods-SimpleSugarUITests.debug.xcconfig"; sourceTree = "<group>"; };
		D7CE93411DD300DB009875EF /* SimpleSugar.app */ = {isa = PBXFileReference; explicitFileType = wrapper.application; includeInIndex = 0; path = SimpleSugar.app; sourceTree = BUILT_PRODUCTS_DIR; };
		D7CE93441DD300DB009875EF /* AppDelegate.swift */ = {isa = PBXFileReference; lastKnownFileType = sourcecode.swift; path = AppDelegate.swift; sourceTree = "<group>"; };
		D7CE93461DD300DB009875EF /* ViewController.swift */ = {isa = PBXFileReference; lastKnownFileType = sourcecode.swift; path = ViewController.swift; sourceTree = "<group>"; };
		D7CE93491DD300DB009875EF /* Base */ = {isa = PBXFileReference; lastKnownFileType = file.storyboard; name = Base; path = Base.lproj/Main.storyboard; sourceTree = "<group>"; };
		D7CE934B1DD300DB009875EF /* Assets.xcassets */ = {isa = PBXFileReference; lastKnownFileType = folder.assetcatalog; path = Assets.xcassets; sourceTree = "<group>"; };
		D7CE934E1DD300DB009875EF /* Base */ = {isa = PBXFileReference; lastKnownFileType = file.storyboard; name = Base; path = Base.lproj/LaunchScreen.storyboard; sourceTree = "<group>"; };
		D7CE93501DD300DB009875EF /* Info.plist */ = {isa = PBXFileReference; lastKnownFileType = text.plist.xml; path = Info.plist; sourceTree = "<group>"; };
		D7CE93551DD300DB009875EF /* SimpleSugarTests.xctest */ = {isa = PBXFileReference; explicitFileType = wrapper.cfbundle; includeInIndex = 0; path = SimpleSugarTests.xctest; sourceTree = BUILT_PRODUCTS_DIR; };
		D7CE93591DD300DB009875EF /* SimpleSugarTests.swift */ = {isa = PBXFileReference; lastKnownFileType = sourcecode.swift; path = SimpleSugarTests.swift; sourceTree = "<group>"; };
		D7CE935B1DD300DB009875EF /* Info.plist */ = {isa = PBXFileReference; lastKnownFileType = text.plist.xml; path = Info.plist; sourceTree = "<group>"; };
		D7CE93601DD300DB009875EF /* SimpleSugarUITests.xctest */ = {isa = PBXFileReference; explicitFileType = wrapper.cfbundle; includeInIndex = 0; path = SimpleSugarUITests.xctest; sourceTree = BUILT_PRODUCTS_DIR; };
		D7CE93641DD300DB009875EF /* SimpleSugarUITests.swift */ = {isa = PBXFileReference; lastKnownFileType = sourcecode.swift; path = SimpleSugarUITests.swift; sourceTree = "<group>"; };
		D7CE93661DD300DB009875EF /* Info.plist */ = {isa = PBXFileReference; lastKnownFileType = text.plist.xml; path = Info.plist; sourceTree = "<group>"; };
		F08200EF415ED598471306ED /* Pods-SimpleSugarUITests.release.xcconfig */ = {isa = PBXFileReference; includeInIndex = 1; lastKnownFileType = text.xcconfig; name = "Pods-SimpleSugarUITests.release.xcconfig"; path = "Pods/Target Support Files/Pods-SimpleSugarUITests/Pods-SimpleSugarUITests.release.xcconfig"; sourceTree = "<group>"; };
/* End PBXFileReference section */

/* Begin PBXFrameworksBuildPhase section */
		D7CE933E1DD300DB009875EF /* Frameworks */ = {
			isa = PBXFrameworksBuildPhase;
			buildActionMask = 2147483647;
			files = (
				9B9AC85D517B971691AC3E3C /* Pods_SimpleSugar.framework in Frameworks */,
			);
			runOnlyForDeploymentPostprocessing = 0;
		};
		D7CE93521DD300DB009875EF /* Frameworks */ = {
			isa = PBXFrameworksBuildPhase;
			buildActionMask = 2147483647;
			files = (
				A2BF2CDB33C55C37DCC96C92 /* Pods_SimpleSugarTests.framework in Frameworks */,
			);
			runOnlyForDeploymentPostprocessing = 0;
		};
		D7CE935D1DD300DB009875EF /* Frameworks */ = {
			isa = PBXFrameworksBuildPhase;
			buildActionMask = 2147483647;
			files = (
				F90A2A34802036A3B4481282 /* Pods_SimpleSugarUITests.framework in Frameworks */,
			);
			runOnlyForDeploymentPostprocessing = 0;
		};
/* End PBXFrameworksBuildPhase section */

/* Begin PBXGroup section */
		7762EFB8695BEAC182CFA11D /* Frameworks */ = {
			isa = PBXGroup;
			children = (
				225D286514288391E29C1D7B /* Pods_SimpleSugar.framework */,
				6E3270A41652C905B20B717C /* Pods_SimpleSugarTests.framework */,
				8CAED71069DE1E943A21354D /* Pods_SimpleSugarUITests.framework */,
			);
			name = Frameworks;
			sourceTree = "<group>";
		};
		A25A27CC95A1BA43CD6B56C7 /* Pods */ = {
			isa = PBXGroup;
			children = (
				8D3519F3F8CB75DF98D24DF0 /* Pods-SimpleSugar.debug.xcconfig */,
				588AE1D865DFD186BA3D6496 /* Pods-SimpleSugar.release.xcconfig */,
				65C23185376FB2B6F269B3A2 /* Pods-SimpleSugarTests.debug.xcconfig */,
				ACC051ADD954AF845B133E2F /* Pods-SimpleSugarTests.release.xcconfig */,
				B7DCF3C78D106E9E6E5D06BF /* Pods-SimpleSugarUITests.debug.xcconfig */,
				F08200EF415ED598471306ED /* Pods-SimpleSugarUITests.release.xcconfig */,
			);
			name = Pods;
			sourceTree = "<group>";
		};
		D7CE93381DD300DB009875EF = {
			isa = PBXGroup;
			children = (
				D7CE93431DD300DB009875EF /* SimpleSugar */,
				D7CE93581DD300DB009875EF /* SimpleSugarTests */,
				D7CE93631DD300DB009875EF /* SimpleSugarUITests */,
				D7CE93421DD300DB009875EF /* Products */,
				A25A27CC95A1BA43CD6B56C7 /* Pods */,
				7762EFB8695BEAC182CFA11D /* Frameworks */,
			);
			sourceTree = "<group>";
		};
		D7CE93421DD300DB009875EF /* Products */ = {
			isa = PBXGroup;
			children = (
				D7CE93411DD300DB009875EF /* SimpleSugar.app */,
				D7CE93551DD300DB009875EF /* SimpleSugarTests.xctest */,
				D7CE93601DD300DB009875EF /* SimpleSugarUITests.xctest */,
			);
			name = Products;
			sourceTree = "<group>";
		};
		D7CE93431DD300DB009875EF /* SimpleSugar */ = {
			isa = PBXGroup;
			children = (
				D7CE93441DD300DB009875EF /* AppDelegate.swift */,
				D7CE93461DD300DB009875EF /* ViewController.swift */,
				D7CE93481DD300DB009875EF /* Main.storyboard */,
				D7CE934B1DD300DB009875EF /* Assets.xcassets */,
				D7CE934D1DD300DB009875EF /* LaunchScreen.storyboard */,
				D7CE93501DD300DB009875EF /* Info.plist */,
			);
			path = SimpleSugar;
			sourceTree = "<group>";
		};
		D7CE93581DD300DB009875EF /* SimpleSugarTests */ = {
			isa = PBXGroup;
			children = (
				D7CE93591DD300DB009875EF /* SimpleSugarTests.swift */,
				D7CE935B1DD300DB009875EF /* Info.plist */,
			);
			path = SimpleSugarTests;
			sourceTree = "<group>";
		};
		D7CE93631DD300DB009875EF /* SimpleSugarUITests */ = {
			isa = PBXGroup;
			children = (
				D7CE93641DD300DB009875EF /* SimpleSugarUITests.swift */,
				D7CE93661DD300DB009875EF /* Info.plist */,
			);
			path = SimpleSugarUITests;
			sourceTree = "<group>";
		};
/* End PBXGroup section */

/* Begin PBXNativeTarget section */
		D7CE93401DD300DB009875EF /* SimpleSugar */ = {
			isa = PBXNativeTarget;
			buildConfigurationList = D7CE93691DD300DB009875EF /* Build configuration list for PBXNativeTarget "SimpleSugar" */;
			buildPhases = (
				B6F3B1A6AB40841E2879E06E /* [CP] Check Pods Manifest.lock */,
				D7CE933D1DD300DB009875EF /* Sources */,
				D7CE933E1DD300DB009875EF /* Frameworks */,
				D7CE933F1DD300DB009875EF /* Resources */,
				C64255CE745252970EB4BD1D /* [CP] Embed Pods Frameworks */,
				DC045828A17EE2100C7793CF /* [CP] Copy Pods Resources */,
			);
			buildRules = (
			);
			dependencies = (
			);
			name = SimpleSugar;
			productName = SimpleSugar;
			productReference = D7CE93411DD300DB009875EF /* SimpleSugar.app */;
			productType = "com.apple.product-type.application";
		};
		D7CE93541DD300DB009875EF /* SimpleSugarTests */ = {
			isa = PBXNativeTarget;
			buildConfigurationList = D7CE936C1DD300DB009875EF /* Build configuration list for PBXNativeTarget "SimpleSugarTests" */;
			buildPhases = (
				9447BC8CB62E11817DD134AC /* [CP] Check Pods Manifest.lock */,
				D7CE93511DD300DB009875EF /* Sources */,
				D7CE93521DD300DB009875EF /* Frameworks */,
				D7CE93531DD300DB009875EF /* Resources */,
				D2689469F64551519A3ED8FB /* [CP] Embed Pods Frameworks */,
				7CF91167E1A8BA2AA7A0E8CB /* [CP] Copy Pods Resources */,
			);
			buildRules = (
			);
			dependencies = (
				D7CE93571DD300DB009875EF /* PBXTargetDependency */,
			);
			name = SimpleSugarTests;
			productName = SimpleSugarTests;
			productReference = D7CE93551DD300DB009875EF /* SimpleSugarTests.xctest */;
			productType = "com.apple.product-type.bundle.unit-test";
		};
		D7CE935F1DD300DB009875EF /* SimpleSugarUITests */ = {
			isa = PBXNativeTarget;
			buildConfigurationList = D7CE936F1DD300DB009875EF /* Build configuration list for PBXNativeTarget "SimpleSugarUITests" */;
			buildPhases = (
				304496FF9D0E9DFFBDD811F9 /* [CP] Check Pods Manifest.lock */,
				D7CE935C1DD300DB009875EF /* Sources */,
				D7CE935D1DD300DB009875EF /* Frameworks */,
				D7CE935E1DD300DB009875EF /* Resources */,
				8DCF472E1262A38EBDB280AF /* [CP] Embed Pods Frameworks */,
				8345F5D66FF1EFD5D5509A3D /* [CP] Copy Pods Resources */,
			);
			buildRules = (
			);
			dependencies = (
				D7CE93621DD300DB009875EF /* PBXTargetDependency */,
			);
			name = SimpleSugarUITests;
			productName = SimpleSugarUITests;
			productReference = D7CE93601DD300DB009875EF /* SimpleSugarUITests.xctest */;
			productType = "com.apple.product-type.bundle.ui-testing";
		};
/* End PBXNativeTarget section */

/* Begin PBXProject section */
		D7CE93391DD300DB009875EF /* Project object */ = {
			isa = PBXProject;
			attributes = {
				LastSwiftUpdateCheck = 0730;
				LastUpgradeCheck = 0730;
				ORGANIZATIONNAME = 2016;
				TargetAttributes = {
					D7CE93401DD300DB009875EF = {
						CreatedOnToolsVersion = 7.3;
					};
					D7CE93541DD300DB009875EF = {
						CreatedOnToolsVersion = 7.3;
						TestTargetID = D7CE93401DD300DB009875EF;
					};
					D7CE935F1DD300DB009875EF = {
						CreatedOnToolsVersion = 7.3;
						TestTargetID = D7CE93401DD300DB009875EF;
					};
				};
			};
			buildConfigurationList = D7CE933C1DD300DB009875EF /* Build configuration list for PBXProject "SimpleSugar" */;
			compatibilityVersion = "Xcode 3.2";
			developmentRegion = English;
			hasScannedForEncodings = 0;
			knownRegions = (
				en,
				Base,
			);
			mainGroup = D7CE93381DD300DB009875EF;
			productRefGroup = D7CE93421DD300DB009875EF /* Products */;
			projectDirPath = "";
			projectRoot = "";
			targets = (
				D7CE93401DD300DB009875EF /* SimpleSugar */,
				D7CE93541DD300DB009875EF /* SimpleSugarTests */,
				D7CE935F1DD300DB009875EF /* SimpleSugarUITests */,
			);
		};
/* End PBXProject section */

/* Begin PBXResourcesBuildPhase section */
		D7CE933F1DD300DB009875EF /* Resources */ = {
			isa = PBXResourcesBuildPhase;
			buildActionMask = 2147483647;
			files = (
				D7CE934F1DD300DB009875EF /* LaunchScreen.storyboard in Resources */,
				D7CE934C1DD300DB009875EF /* Assets.xcassets in Resources */,
				D7CE934A1DD300DB009875EF /* Main.storyboard in Resources */,
			);
			runOnlyForDeploymentPostprocessing = 0;
		};
		D7CE93531DD300DB009875EF /* Resources */ = {
			isa = PBXResourcesBuildPhase;
			buildActionMask = 2147483647;
			files = (
			);
			runOnlyForDeploymentPostprocessing = 0;
		};
		D7CE935E1DD300DB009875EF /* Resources */ = {
			isa = PBXResourcesBuildPhase;
			buildActionMask = 2147483647;
			files = (
			);
			runOnlyForDeploymentPostprocessing = 0;
		};
/* End PBXResourcesBuildPhase section */

/* Begin PBXShellScriptBuildPhase section */
		304496FF9D0E9DFFBDD811F9 /* [CP] Check Pods Manifest.lock */ = {
			isa = PBXShellScriptBuildPhase;
			buildActionMask = 2147483647;
			files = (
			);
			inputPaths = (
			);
			name = "[CP] Check Pods Manifest.lock";
			outputPaths = (
			);
			runOnlyForDeploymentPostprocessing = 0;
			shellPath = /bin/sh;
			shellScript = "diff \"${PODS_ROOT}/../Podfile.lock\" \"${PODS_ROOT}/Manifest.lock\" > /dev/null\nif [ $? != 0 ] ; then\n    # print error to STDERR\n    echo \"error: The sandbox is not in sync with the Podfile.lock. Run 'pod install' or update your CocoaPods installation.\" >&2\n    exit 1\nfi\n";
			showEnvVarsInLog = 0;
		};
		7CF91167E1A8BA2AA7A0E8CB /* [CP] Copy Pods Resources */ = {
			isa = PBXShellScriptBuildPhase;
			buildActionMask = 2147483647;
			files = (
			);
			inputPaths = (
			);
			name = "[CP] Copy Pods Resources";
			outputPaths = (
			);
			runOnlyForDeploymentPostprocessing = 0;
			shellPath = /bin/sh;
			shellScript = "\"${SRCROOT}/Pods/Target Support Files/Pods-SimpleSugarTests/Pods-SimpleSugarTests-resources.sh\"\n";
			showEnvVarsInLog = 0;
		};
		8345F5D66FF1EFD5D5509A3D /* [CP] Copy Pods Resources */ = {
			isa = PBXShellScriptBuildPhase;
			buildActionMask = 2147483647;
			files = (
			);
			inputPaths = (
			);
			name = "[CP] Copy Pods Resources";
			outputPaths = (
			);
			runOnlyForDeploymentPostprocessing = 0;
			shellPath = /bin/sh;
			shellScript = "\"${SRCROOT}/Pods/Target Support Files/Pods-SimpleSugarUITests/Pods-SimpleSugarUITests-resources.sh\"\n";
			showEnvVarsInLog = 0;
		};
		8DCF472E1262A38EBDB280AF /* [CP] Embed Pods Frameworks */ = {
			isa = PBXShellScriptBuildPhase;
			buildActionMask = 2147483647;
			files = (
			);
			inputPaths = (
			);
			name = "[CP] Embed Pods Frameworks";
			outputPaths = (
			);
			runOnlyForDeploymentPostprocessing = 0;
			shellPath = /bin/sh;
			shellScript = "\"${SRCROOT}/Pods/Target Support Files/Pods-SimpleSugarUITests/Pods-SimpleSugarUITests-frameworks.sh\"\n";
			showEnvVarsInLog = 0;
		};
		9447BC8CB62E11817DD134AC /* [CP] Check Pods Manifest.lock */ = {
			isa = PBXShellScriptBuildPhase;
			buildActionMask = 2147483647;
			files = (
			);
			inputPaths = (
			);
			name = "[CP] Check Pods Manifest.lock";
			outputPaths = (
			);
			runOnlyForDeploymentPostprocessing = 0;
			shellPath = /bin/sh;
			shellScript = "diff \"${PODS_ROOT}/../Podfile.lock\" \"${PODS_ROOT}/Manifest.lock\" > /dev/null\nif [ $? != 0 ] ; then\n    # print error to STDERR\n    echo \"error: The sandbox is not in sync with the Podfile.lock. Run 'pod install' or update your CocoaPods installation.\" >&2\n    exit 1\nfi\n";
			showEnvVarsInLog = 0;
		};
		B6F3B1A6AB40841E2879E06E /* [CP] Check Pods Manifest.lock */ = {
			isa = PBXShellScriptBuildPhase;
			buildActionMask = 2147483647;
			files = (
			);
			inputPaths = (
			);
			name = "[CP] Check Pods Manifest.lock";
			outputPaths = (
			);
			runOnlyForDeploymentPostprocessing = 0;
			shellPath = /bin/sh;
			shellScript = "diff \"${PODS_ROOT}/../Podfile.lock\" \"${PODS_ROOT}/Manifest.lock\" > /dev/null\nif [ $? != 0 ] ; then\n    # print error to STDERR\n    echo \"error: The sandbox is not in sync with the Podfile.lock. Run 'pod install' or update your CocoaPods installation.\" >&2\n    exit 1\nfi\n";
			showEnvVarsInLog = 0;
		};
		C64255CE745252970EB4BD1D /* [CP] Embed Pods Frameworks */ = {
			isa = PBXShellScriptBuildPhase;
			buildActionMask = 2147483647;
			files = (
			);
			inputPaths = (
			);
			name = "[CP] Embed Pods Frameworks";
			outputPaths = (
			);
			runOnlyForDeploymentPostprocessing = 0;
			shellPath = /bin/sh;
			shellScript = "\"${SRCROOT}/Pods/Target Support Files/Pods-SimpleSugar/Pods-SimpleSugar-frameworks.sh\"\n";
			showEnvVarsInLog = 0;
		};
		D2689469F64551519A3ED8FB /* [CP] Embed Pods Frameworks */ = {
			isa = PBXShellScriptBuildPhase;
			buildActionMask = 2147483647;
			files = (
			);
			inputPaths = (
			);
			name = "[CP] Embed Pods Frameworks";
			outputPaths = (
			);
			runOnlyForDeploymentPostprocessing = 0;
			shellPath = /bin/sh;
			shellScript = "\"${SRCROOT}/Pods/Target Support Files/Pods-SimpleSugarTests/Pods-SimpleSugarTests-frameworks.sh\"\n";
			showEnvVarsInLog = 0;
		};
		DC045828A17EE2100C7793CF /* [CP] Copy Pods Resources */ = {
			isa = PBXShellScriptBuildPhase;
			buildActionMask = 2147483647;
			files = (
			);
			inputPaths = (
			);
			name = "[CP] Copy Pods Resources";
			outputPaths = (
			);
			runOnlyForDeploymentPostprocessing = 0;
			shellPath = /bin/sh;
			shellScript = "\"${SRCROOT}/Pods/Target Support Files/Pods-SimpleSugar/Pods-SimpleSugar-resources.sh\"\n";
			showEnvVarsInLog = 0;
		};
/* End PBXShellScriptBuildPhase section */

/* Begin PBXSourcesBuildPhase section */
		D7CE933D1DD300DB009875EF /* Sources */ = {
			isa = PBXSourcesBuildPhase;
			buildActionMask = 2147483647;
			files = (
				D7CE93471DD300DB009875EF /* ViewController.swift in Sources */,
				D7CE93451DD300DB009875EF /* AppDelegate.swift in Sources */,
			);
			runOnlyForDeploymentPostprocessing = 0;
		};
		D7CE93511DD300DB009875EF /* Sources */ = {
			isa = PBXSourcesBuildPhase;
			buildActionMask = 2147483647;
			files = (
				D7CE935A1DD300DB009875EF /* SimpleSugarTests.swift in Sources */,
			);
			runOnlyForDeploymentPostprocessing = 0;
		};
		D7CE935C1DD300DB009875EF /* Sources */ = {
			isa = PBXSourcesBuildPhase;
			buildActionMask = 2147483647;
			files = (
				D7CE93651DD300DB009875EF /* SimpleSugarUITests.swift in Sources */,
			);
			runOnlyForDeploymentPostprocessing = 0;
		};
/* End PBXSourcesBuildPhase section */

/* Begin PBXTargetDependency section */
		D7CE93571DD300DB009875EF /* PBXTargetDependency */ = {
			isa = PBXTargetDependency;
			target = D7CE93401DD300DB009875EF /* SimpleSugar */;
			targetProxy = D7CE93561DD300DB009875EF /* PBXContainerItemProxy */;
		};
		D7CE93621DD300DB009875EF /* PBXTargetDependency */ = {
			isa = PBXTargetDependency;
			target = D7CE93401DD300DB009875EF /* SimpleSugar */;
			targetProxy = D7CE93611DD300DB009875EF /* PBXContainerItemProxy */;
		};
/* End PBXTargetDependency section */

/* Begin PBXVariantGroup section */
		D7CE93481DD300DB009875EF /* Main.storyboard */ = {
			isa = PBXVariantGroup;
			children = (
				D7CE93491DD300DB009875EF /* Base */,
			);
			name = Main.storyboard;
			sourceTree = "<group>";
		};
		D7CE934D1DD300DB009875EF /* LaunchScreen.storyboard */ = {
			isa = PBXVariantGroup;
			children = (
				D7CE934E1DD300DB009875EF /* Base */,
			);
			name = LaunchScreen.storyboard;
			sourceTree = "<group>";
		};
/* End PBXVariantGroup section */

/* Begin XCBuildConfiguration section */
		D7CE93671DD300DB009875EF /* Debug */ = {
			isa = XCBuildConfiguration;
			buildSettings = {
				ALWAYS_SEARCH_USER_PATHS = NO;
				CLANG_ANALYZER_NONNULL = YES;
				CLANG_CXX_LANGUAGE_STANDARD = "gnu++0x";
				CLANG_CXX_LIBRARY = "libc++";
				CLANG_ENABLE_MODULES = YES;
				CLANG_ENABLE_OBJC_ARC = YES;
				CLANG_WARN_BOOL_CONVERSION = YES;
				CLANG_WARN_CONSTANT_CONVERSION = YES;
				CLANG_WARN_DIRECT_OBJC_ISA_USAGE = YES_ERROR;
				CLANG_WARN_EMPTY_BODY = YES;
				CLANG_WARN_ENUM_CONVERSION = YES;
				CLANG_WARN_INT_CONVERSION = YES;
				CLANG_WARN_OBJC_ROOT_CLASS = YES_ERROR;
				CLANG_WARN_UNREACHABLE_CODE = YES;
				CLANG_WARN__DUPLICATE_METHOD_MATCH = YES;
				"CODE_SIGN_IDENTITY[sdk=iphoneos*]" = "iPhone Developer";
				COPY_PHASE_STRIP = NO;
				DEBUG_INFORMATION_FORMAT = dwarf;
				ENABLE_STRICT_OBJC_MSGSEND = YES;
				ENABLE_TESTABILITY = YES;
				GCC_C_LANGUAGE_STANDARD = gnu99;
				GCC_DYNAMIC_NO_PIC = NO;
				GCC_NO_COMMON_BLOCKS = YES;
				GCC_OPTIMIZATION_LEVEL = 0;
				GCC_PREPROCESSOR_DEFINITIONS = (
					"DEBUG=1",
					"$(inherited)",
				);
				GCC_WARN_64_TO_32_BIT_CONVERSION = YES;
				GCC_WARN_ABOUT_RETURN_TYPE = YES_ERROR;
				GCC_WARN_UNDECLARED_SELECTOR = YES;
				GCC_WARN_UNINITIALIZED_AUTOS = YES_AGGRESSIVE;
				GCC_WARN_UNUSED_FUNCTION = YES;
				GCC_WARN_UNUSED_VARIABLE = YES;
				IPHONEOS_DEPLOYMENT_TARGET = 9.3;
				MTL_ENABLE_DEBUG_INFO = YES;
				ONLY_ACTIVE_ARCH = YES;
				SDKROOT = iphoneos;
				SWIFT_OPTIMIZATION_LEVEL = "-Onone";
				TARGETED_DEVICE_FAMILY = "1,2";
			};
			name = Debug;
		};
		D7CE93681DD300DB009875EF /* Release */ = {
			isa = XCBuildConfiguration;
			buildSettings = {
				ALWAYS_SEARCH_USER_PATHS = NO;
				CLANG_ANALYZER_NONNULL = YES;
				CLANG_CXX_LANGUAGE_STANDARD = "gnu++0x";
				CLANG_CXX_LIBRARY = "libc++";
				CLANG_ENABLE_MODULES = YES;
				CLANG_ENABLE_OBJC_ARC = YES;
				CLANG_WARN_BOOL_CONVERSION = YES;
				CLANG_WARN_CONSTANT_CONVERSION = YES;
				CLANG_WARN_DIRECT_OBJC_ISA_USAGE = YES_ERROR;
				CLANG_WARN_EMPTY_BODY = YES;
				CLANG_WARN_ENUM_CONVERSION = YES;
				CLANG_WARN_INT_CONVERSION = YES;
				CLANG_WARN_OBJC_ROOT_CLASS = YES_ERROR;
				CLANG_WARN_UNREACHABLE_CODE = YES;
				CLANG_WARN__DUPLICATE_METHOD_MATCH = YES;
				"CODE_SIGN_IDENTITY[sdk=iphoneos*]" = "iPhone Developer";
				COPY_PHASE_STRIP = NO;
				DEBUG_INFORMATION_FORMAT = "dwarf-with-dsym";
				ENABLE_NS_ASSERTIONS = NO;
				ENABLE_STRICT_OBJC_MSGSEND = YES;
				GCC_C_LANGUAGE_STANDARD = gnu99;
				GCC_NO_COMMON_BLOCKS = YES;
				GCC_WARN_64_TO_32_BIT_CONVERSION = YES;
				GCC_WARN_ABOUT_RETURN_TYPE = YES_ERROR;
				GCC_WARN_UNDECLARED_SELECTOR = YES;
				GCC_WARN_UNINITIALIZED_AUTOS = YES_AGGRESSIVE;
				GCC_WARN_UNUSED_FUNCTION = YES;
				GCC_WARN_UNUSED_VARIABLE = YES;
				IPHONEOS_DEPLOYMENT_TARGET = 9.3;
				MTL_ENABLE_DEBUG_INFO = NO;
				SDKROOT = iphoneos;
				TARGETED_DEVICE_FAMILY = "1,2";
				VALIDATE_PRODUCT = YES;
			};
			name = Release;
		};
		D7CE936A1DD300DB009875EF /* Debug */ = {
			isa = XCBuildConfiguration;
			baseConfigurationReference = 8D3519F3F8CB75DF98D24DF0 /* Pods-SimpleSugar.debug.xcconfig */;
			buildSettings = {
				ASSETCATALOG_COMPILER_APPICON_NAME = AppIcon;
				INFOPLIST_FILE = SimpleSugar/Info.plist;
				LD_RUNPATH_SEARCH_PATHS = "$(inherited) @executable_path/Frameworks";
				PRODUCT_BUNDLE_IDENTIFIER = hebing.SimpleSugar;
				PRODUCT_NAME = "$(TARGET_NAME)";
			};
			name = Debug;
		};
		D7CE936B1DD300DB009875EF /* Release */ = {
			isa = XCBuildConfiguration;
			baseConfigurationReference = 588AE1D865DFD186BA3D6496 /* Pods-SimpleSugar.release.xcconfig */;
			buildSettings = {
				ASSETCATALOG_COMPILER_APPICON_NAME = AppIcon;
				INFOPLIST_FILE = SimpleSugar/Info.plist;
				LD_RUNPATH_SEARCH_PATHS = "$(inherited) @executable_path/Frameworks";
				PRODUCT_BUNDLE_IDENTIFIER = hebing.SimpleSugar;
				PRODUCT_NAME = "$(TARGET_NAME)";
			};
			name = Release;
		};
		D7CE936D1DD300DB009875EF /* Debug */ = {
			isa = XCBuildConfiguration;
			baseConfigurationReference = 65C23185376FB2B6F269B3A2 /* Pods-SimpleSugarTests.debug.xcconfig */;
			buildSettings = {
				BUNDLE_LOADER = "$(TEST_HOST)";
				INFOPLIST_FILE = SimpleSugarTests/Info.plist;
				LD_RUNPATH_SEARCH_PATHS = "$(inherited) @executable_path/Frameworks @loader_path/Frameworks";
				PRODUCT_BUNDLE_IDENTIFIER = hebing.SimpleSugarTests;
				PRODUCT_NAME = "$(TARGET_NAME)";
				TEST_HOST = "$(BUILT_PRODUCTS_DIR)/SimpleSugar.app/SimpleSugar";
			};
			name = Debug;
		};
		D7CE936E1DD300DB009875EF /* Release */ = {
			isa = XCBuildConfiguration;
			baseConfigurationReference = ACC051ADD954AF845B133E2F /* Pods-SimpleSugarTests.release.xcconfig */;
			buildSettings = {
				BUNDLE_LOADER = "$(TEST_HOST)";
				INFOPLIST_FILE = SimpleSugarTests/Info.plist;
				LD_RUNPATH_SEARCH_PATHS = "$(inherited) @executable_path/Frameworks @loader_path/Frameworks";
				PRODUCT_BUNDLE_IDENTIFIER = hebing.SimpleSugarTests;
				PRODUCT_NAME = "$(TARGET_NAME)";
				TEST_HOST = "$(BUILT_PRODUCTS_DIR)/SimpleSugar.app/SimpleSugar";
			};
			name = Release;
		};
		D7CE93701DD300DB009875EF /* Debug */ = {
			isa = XCBuildConfiguration;
			baseConfigurationReference = B7DCF3C78D106E9E6E5D06BF /* Pods-SimpleSugarUITests.debug.xcconfig */;
			buildSettings = {
				INFOPLIST_FILE = SimpleSugarUITests/Info.plist;
				LD_RUNPATH_SEARCH_PATHS = "$(inherited) @executable_path/Frameworks @loader_path/Frameworks";
				PRODUCT_BUNDLE_IDENTIFIER = hebing.SimpleSugarUITests;
				PRODUCT_NAME = "$(TARGET_NAME)";
				TEST_TARGET_NAME = SimpleSugar;
			};
			name = Debug;
		};
		D7CE93711DD300DB009875EF /* Release */ = {
			isa = XCBuildConfiguration;
			baseConfigurationReference = F08200EF415ED598471306ED /* Pods-SimpleSugarUITests.release.xcconfig */;
			buildSettings = {
				INFOPLIST_FILE = SimpleSugarUITests/Info.plist;
				LD_RUNPATH_SEARCH_PATHS = "$(inherited) @executable_path/Frameworks @loader_path/Frameworks";
				PRODUCT_BUNDLE_IDENTIFIER = hebing.SimpleSugarUITests;
				PRODUCT_NAME = "$(TARGET_NAME)";
				TEST_TARGET_NAME = SimpleSugar;
			};
			name = Release;
		};
/* End XCBuildConfiguration section */

/* Begin XCConfigurationList section */
		D7CE933C1DD300DB009875EF /* Build configuration list for PBXProject "SimpleSugar" */ = {
			isa = XCConfigurationList;
			buildConfigurations = (
				D7CE93671DD300DB009875EF /* Debug */,
				D7CE93681DD300DB009875EF /* Release */,
			);
			defaultConfigurationIsVisible = 0;
			defaultConfigurationName = Release;
		};
		D7CE93691DD300DB009875EF /* Build configuration list for PBXNativeTarget "SimpleSugar" */ = {
			isa = XCConfigurationList;
			buildConfigurations = (
				D7CE936A1DD300DB009875EF /* Debug */,
				D7CE936B1DD300DB009875EF /* Release */,
			);
			defaultConfigurationIsVisible = 0;
			defaultConfigurationName = Release;
		};
		D7CE936C1DD300DB009875EF /* Build configuration list for PBXNativeTarget "SimpleSugarTests" */ = {
			isa = XCConfigurationList;
			buildConfigurations = (
				D7CE936D1DD300DB009875EF /* Debug */,
				D7CE936E1DD300DB009875EF /* Release */,
			);
			defaultConfigurationIsVisible = 0;
			defaultConfigurationName = Release;
		};
		D7CE936F1DD300DB009875EF /* Build configuration list for PBXNativeTarget "SimpleSugarUITests" */ = {
			isa = XCConfigurationList;
			buildConfigurations = (
				D7CE93701DD300DB009875EF /* Debug */,
				D7CE93711DD300DB009875EF /* Release */,
			);
			defaultConfigurationIsVisible = 0;
			defaultConfigurationName = Release;
		};
/* End XCConfigurationList section */
	};
	rootObject = D7CE93391DD300DB009875EF /* Project object */;
}
